github.com/go-yml/yaml v0.0.0-20230509053643-2ec20e794e25 h1:zYk3MJC0gK3L/4koQORQ5Fur9BP70dYIjIz9m7vi/kI=
github.com/go-yml/yaml v0.0.0-20230509053643-2ec20e794e25/go.mod h1:HchFmrh0ZoZIcFe8hzo3mh00GlxnAJEX4/BmUsvijV8=
gopkg.in/check.v1 v0.0.0-20161208181325-20d25e280405/go.mod h1:Co6ibVJAznAaIkqp8huTwlJQCZ016jof/cbN4VW5Yz0=
